
Microsoft Visual Studio Solution File, Format Version 12.00
# Visual Studio 14
VisualStudioVersion = 14.0.22823.1
MinimumVisualStudioVersion = 10.0.40219.1
Project("{FAE04EC0-301F-11D3-BF4B-00C04F79EFBC}") = "Nitrate", "Nitrate\Nitrate.csproj", "{2EBBD740-3801-41FC-AA12-93D3E21E1EAE}"
EndProject
Project("{FAE04EC0-301F-11D3-BF4B-00C04F79EFBC}") = "Git", "Plugins\Git\Git.csproj", "{22EBAF2B-4D1A-4766-9B69-6802EEA9BF27}"
EndProject
Project("{2150E333-8FDC-42A3-9474-1A3956D46DE8}") = "Plugins", "Plugins", "{53C513E0-C838-47DC-B828-586B8E7ED740}"
EndProject
Project("{FAE04EC0-301F-11D3-BF4B-00C04F79EFBC}") = "MsBuild", "Plugins\MsBuild\MsBuild.csproj", "{983FC5E7-4720-4A0D-912F-423C26FFDC61}"
EndProject
Project("{FAE04EC0-301F-11D3-BF4B-00C04F79EFBC}") = "SqlServer", "Plugins\SqlServer\SqlServer.csproj", "{AF8A1445-BABA-4BB6-A6DB-0DC14E8DADE3}"
EndProject
Project("{2150E333-8FDC-42A3-9474-1A3956D46DE8}") = ".nuget", ".nuget", "{8617AEEB-4563-4993-84C9-9F37AB82B4BD}"
	ProjectSection(SolutionItems) = preProject
		.nuget\NuGet.Config = .nuget\NuGet.Config
		.nuget\NuGet.exe = .nuget\NuGet.exe
		.nuget\NuGet.targets = .nuget\NuGet.targets
	EndProjectSection
EndProject
Project("{FAE04EC0-301F-11D3-BF4B-00C04F79EFBC}") = "IisExpress", "Plugins\IisExpress\IisExpress.csproj", "{96EF2204-DB3D-4070-8561-E669FA14ECB7}"
EndProject
Project("{FAE04EC0-301F-11D3-BF4B-00C04F79EFBC}") = "Run", "Plugins\Run\Run.csproj", "{2B478380-3127-413E-9B4F-0D515719C6D3}"
EndProject
Project("{FAE04EC0-301F-11D3-BF4B-00C04F79EFBC}") = "SymLinks", "Plugins\SymLinks\SymLinks.csproj", "{056CB496-E1BA-4317-AC1C-37BF0D200250}"
EndProject
Project("{2150E333-8FDC-42A3-9474-1A3956D46DE8}") = "Solution Items", "Solution Items", "{1FC43CFD-560D-406E-B508-862FBE6DA208}"
	ProjectSection(SolutionItems) = preProject
		.editorconfig = .editorconfig
		LICENSE = LICENSE
		README.md = README.md
	EndProjectSection
EndProject
Project("{FAE04EC0-301F-11D3-BF4B-00C04F79EFBC}") = "Orchard", "Plugins\Orchard\Orchard.csproj", "{83667464-DB3F-4E15-8ED8-B0543202FCFF}"
EndProject
Project("{2150E333-8FDC-42A3-9474-1A3956D46DE8}") = "Chocolatey", "Chocolatey", "{17781543-6684-4B69-A4C1-5791257FB7B0}"
	ProjectSection(SolutionItems) = preProject
		nitrate.nuspec = nitrate.nuspec
	EndProjectSection
EndProject
Project("{FAE04EC0-301F-11D3-BF4B-00C04F79EFBC}") = "IIS", "Plugins\IIS\IIS.csproj", "{50E22CB8-1067-4155-B65B-329A2F2FEC7F}"
EndProject
Global
	GlobalSection(SolutionConfigurationPlatforms) = preSolution
		Debug|Any CPU = Debug|Any CPU
		Debug|ARM = Debug|ARM
		Debug|iPhone = Debug|iPhone
		Debug|iPhoneSimulator = Debug|iPhoneSimulator
		Debug|Mixed Platforms = Debug|Mixed Platforms
		Debug|x86 = Debug|x86
		Release|Any CPU = Release|Any CPU
		Release|ARM = Release|ARM
		Release|iPhone = Release|iPhone
		Release|iPhoneSimulator = Release|iPhoneSimulator
		Release|Mixed Platforms = Release|Mixed Platforms
		Release|x86 = Release|x86
	EndGlobalSection
	GlobalSection(ProjectConfigurationPlatforms) = postSolution
		{2EBBD740-3801-41FC-AA12-93D3E21E1EAE}.Debug|Any CPU.ActiveCfg = Debug|Any CPU
		{2EBBD740-3801-41FC-AA12-93D3E21E1EAE}.Debug|Any CPU.Build.0 = Debug|Any CPU
		{2EBBD740-3801-41FC-AA12-93D3E21E1EAE}.Debug|ARM.ActiveCfg = Debug|Any CPU
		{2EBBD740-3801-41FC-AA12-93D3E21E1EAE}.Debug|iPhone.ActiveCfg = Debug|Any CPU
		{2EBBD740-3801-41FC-AA12-93D3E21E1EAE}.Debug|iPhoneSimulator.ActiveCfg = Debug|Any CPU
		{2EBBD740-3801-41FC-AA12-93D3E21E1EAE}.Debug|Mixed Platforms.ActiveCfg = Debug|Any CPU
		{2EBBD740-3801-41FC-AA12-93D3E21E1EAE}.Debug|Mixed Platforms.Build.0 = Debug|Any CPU
		{2EBBD740-3801-41FC-AA12-93D3E21E1EAE}.Debug|x86.ActiveCfg = Debug|Any CPU
		{2EBBD740-3801-41FC-AA12-93D3E21E1EAE}.Release|Any CPU.ActiveCfg = Release|Any CPU
		{2EBBD740-3801-41FC-AA12-93D3E21E1EAE}.Release|Any CPU.Build.0 = Release|Any CPU
		{2EBBD740-3801-41FC-AA12-93D3E21E1EAE}.Release|ARM.ActiveCfg = Release|Any CPU
		{2EBBD740-3801-41FC-AA12-93D3E21E1EAE}.Release|iPhone.ActiveCfg = Release|Any CPU
		{2EBBD740-3801-41FC-AA12-93D3E21E1EAE}.Release|iPhoneSimulator.ActiveCfg = Release|Any CPU
		{2EBBD740-3801-41FC-AA12-93D3E21E1EAE}.Release|Mixed Platforms.ActiveCfg = Release|Any CPU
		{2EBBD740-3801-41FC-AA12-93D3E21E1EAE}.Release|Mixed Platforms.Build.0 = Release|Any CPU
		{2EBBD740-3801-41FC-AA12-93D3E21E1EAE}.Release|x86.ActiveCfg = Release|Any CPU
		{22EBAF2B-4D1A-4766-9B69-6802EEA9BF27}.Debug|Any CPU.ActiveCfg = Debug|Any CPU
		{22EBAF2B-4D1A-4766-9B69-6802EEA9BF27}.Debug|Any CPU.Build.0 = Debug|Any CPU
		{22EBAF2B-4D1A-4766-9B69-6802EEA9BF27}.Debug|ARM.ActiveCfg = Debug|Any CPU
		{22EBAF2B-4D1A-4766-9B69-6802EEA9BF27}.Debug|iPhone.ActiveCfg = Debug|Any CPU
		{22EBAF2B-4D1A-4766-9B69-6802EEA9BF27}.Debug|iPhoneSimulator.ActiveCfg = Debug|Any CPU
		{22EBAF2B-4D1A-4766-9B69-6802EEA9BF27}.Debug|Mixed Platforms.ActiveCfg = Debug|Any CPU
		{22EBAF2B-4D1A-4766-9B69-6802EEA9BF27}.Debug|Mixed Platforms.Build.0 = Debug|Any CPU
		{22EBAF2B-4D1A-4766-9B69-6802EEA9BF27}.Debug|x86.ActiveCfg = Debug|Any CPU
		{22EBAF2B-4D1A-4766-9B69-6802EEA9BF27}.Release|Any CPU.ActiveCfg = Release|Any CPU
		{22EBAF2B-4D1A-4766-9B69-6802EEA9BF27}.Release|Any CPU.Build.0 = Release|Any CPU
		{22EBAF2B-4D1A-4766-9B69-6802EEA9BF27}.Release|ARM.ActiveCfg = Release|Any CPU
		{22EBAF2B-4D1A-4766-9B69-6802EEA9BF27}.Release|iPhone.ActiveCfg = Release|Any CPU
		{22EBAF2B-4D1A-4766-9B69-6802EEA9BF27}.Release|iPhoneSimulator.ActiveCfg = Release|Any CPU
		{22EBAF2B-4D1A-4766-9B69-6802EEA9BF27}.Release|Mixed Platforms.ActiveCfg = Release|Any CPU
		{22EBAF2B-4D1A-4766-9B69-6802EEA9BF27}.Release|Mixed Platforms.Build.0 = Release|Any CPU
		{22EBAF2B-4D1A-4766-9B69-6802EEA9BF27}.Release|x86.ActiveCfg = Release|Any CPU
		{983FC5E7-4720-4A0D-912F-423C26FFDC61}.Debug|Any CPU.ActiveCfg = Debug|Any CPU
		{983FC5E7-4720-4A0D-912F-423C26FFDC61}.Debug|Any CPU.Build.0 = Debug|Any CPU
		{983FC5E7-4720-4A0D-912F-423C26FFDC61}.Debug|ARM.ActiveCfg = Debug|Any CPU
		{983FC5E7-4720-4A0D-912F-423C26FFDC61}.Debug|iPhone.ActiveCfg = Debug|Any CPU
		{983FC5E7-4720-4A0D-912F-423C26FFDC61}.Debug|iPhoneSimulator.ActiveCfg = Debug|Any CPU
		{983FC5E7-4720-4A0D-912F-423C26FFDC61}.Debug|Mixed Platforms.ActiveCfg = Debug|Any CPU
		{983FC5E7-4720-4A0D-912F-423C26FFDC61}.Debug|Mixed Platforms.Build.0 = Debug|Any CPU
		{983FC5E7-4720-4A0D-912F-423C26FFDC61}.Debug|x86.ActiveCfg = Debug|Any CPU
		{983FC5E7-4720-4A0D-912F-423C26FFDC61}.Release|Any CPU.ActiveCfg = Release|Any CPU
		{983FC5E7-4720-4A0D-912F-423C26FFDC61}.Release|Any CPU.Build.0 = Release|Any CPU
		{983FC5E7-4720-4A0D-912F-423C26FFDC61}.Release|ARM.ActiveCfg = Release|Any CPU
		{983FC5E7-4720-4A0D-912F-423C26FFDC61}.Release|iPhone.ActiveCfg = Release|Any CPU
		{983FC5E7-4720-4A0D-912F-423C26FFDC61}.Release|iPhoneSimulator.ActiveCfg = Release|Any CPU
		{983FC5E7-4720-4A0D-912F-423C26FFDC61}.Release|Mixed Platforms.ActiveCfg = Release|Any CPU
		{983FC5E7-4720-4A0D-912F-423C26FFDC61}.Release|Mixed Platforms.Build.0 = Release|Any CPU
		{983FC5E7-4720-4A0D-912F-423C26FFDC61}.Release|x86.ActiveCfg = Release|Any CPU
		{AF8A1445-BABA-4BB6-A6DB-0DC14E8DADE3}.Debug|Any CPU.ActiveCfg = Debug|Any CPU
		{AF8A1445-BABA-4BB6-A6DB-0DC14E8DADE3}.Debug|Any CPU.Build.0 = Debug|Any CPU
		{AF8A1445-BABA-4BB6-A6DB-0DC14E8DADE3}.Debug|ARM.ActiveCfg = Debug|Any CPU
		{AF8A1445-BABA-4BB6-A6DB-0DC14E8DADE3}.Debug|iPhone.ActiveCfg = Debug|Any CPU
		{AF8A1445-BABA-4BB6-A6DB-0DC14E8DADE3}.Debug|iPhoneSimulator.ActiveCfg = Debug|Any CPU
		{AF8A1445-BABA-4BB6-A6DB-0DC14E8DADE3}.Debug|Mixed Platforms.ActiveCfg = Debug|Any CPU
		{AF8A1445-BABA-4BB6-A6DB-0DC14E8DADE3}.Debug|Mixed Platforms.Build.0 = Debug|Any CPU
		{AF8A1445-BABA-4BB6-A6DB-0DC14E8DADE3}.Debug|x86.ActiveCfg = Debug|Any CPU
		{AF8A1445-BABA-4BB6-A6DB-0DC14E8DADE3}.Release|Any CPU.ActiveCfg = Release|Any CPU
		{AF8A1445-BABA-4BB6-A6DB-0DC14E8DADE3}.Release|Any CPU.Build.0 = Release|Any CPU
		{AF8A1445-BABA-4BB6-A6DB-0DC14E8DADE3}.Release|ARM.ActiveCfg = Release|Any CPU
		{AF8A1445-BABA-4BB6-A6DB-0DC14E8DADE3}.Release|iPhone.ActiveCfg = Release|Any CPU
		{AF8A1445-BABA-4BB6-A6DB-0DC14E8DADE3}.Release|iPhoneSimulator.ActiveCfg = Release|Any CPU
		{AF8A1445-BABA-4BB6-A6DB-0DC14E8DADE3}.Release|Mixed Platforms.ActiveCfg = Release|Any CPU
		{AF8A1445-BABA-4BB6-A6DB-0DC14E8DADE3}.Release|Mixed Platforms.Build.0 = Release|Any CPU
		{AF8A1445-BABA-4BB6-A6DB-0DC14E8DADE3}.Release|x86.ActiveCfg = Release|Any CPU
		{96EF2204-DB3D-4070-8561-E669FA14ECB7}.Debug|Any CPU.ActiveCfg = Debug|Any CPU
		{96EF2204-DB3D-4070-8561-E669FA14ECB7}.Debug|Any CPU.Build.0 = Debug|Any CPU
		{96EF2204-DB3D-4070-8561-E669FA14ECB7}.Debug|ARM.ActiveCfg = Debug|Any CPU
		{96EF2204-DB3D-4070-8561-E669FA14ECB7}.Debug|iPhone.ActiveCfg = Debug|Any CPU
		{96EF2204-DB3D-4070-8561-E669FA14ECB7}.Debug|iPhoneSimulator.ActiveCfg = Debug|Any CPU
		{96EF2204-DB3D-4070-8561-E669FA14ECB7}.Debug|Mixed Platforms.ActiveCfg = Debug|Any CPU
		{96EF2204-DB3D-4070-8561-E669FA14ECB7}.Debug|Mixed Platforms.Build.0 = Debug|Any CPU
		{96EF2204-DB3D-4070-8561-E669FA14ECB7}.Debug|x86.ActiveCfg = Debug|Any CPU
		{96EF2204-DB3D-4070-8561-E669FA14ECB7}.Release|Any CPU.ActiveCfg = Release|Any CPU
		{96EF2204-DB3D-4070-8561-E669FA14ECB7}.Release|Any CPU.Build.0 = Release|Any CPU
		{96EF2204-DB3D-4070-8561-E669FA14ECB7}.Release|ARM.ActiveCfg = Release|Any CPU
		{96EF2204-DB3D-4070-8561-E669FA14ECB7}.Release|iPhone.ActiveCfg = Release|Any CPU
		{96EF2204-DB3D-4070-8561-E669FA14ECB7}.Release|iPhoneSimulator.ActiveCfg = Release|Any CPU
		{96EF2204-DB3D-4070-8561-E669FA14ECB7}.Release|Mixed Platforms.ActiveCfg = Release|Any CPU
		{96EF2204-DB3D-4070-8561-E669FA14ECB7}.Release|Mixed Platforms.Build.0 = Release|Any CPU
		{96EF2204-DB3D-4070-8561-E669FA14ECB7}.Release|x86.ActiveCfg = Release|Any CPU
		{2B478380-3127-413E-9B4F-0D515719C6D3}.Debug|Any CPU.ActiveCfg = Debug|Any CPU
		{2B478380-3127-413E-9B4F-0D515719C6D3}.Debug|Any CPU.Build.0 = Debug|Any CPU
		{2B478380-3127-413E-9B4F-0D515719C6D3}.Debug|ARM.ActiveCfg = Debug|Any CPU
		{2B478380-3127-413E-9B4F-0D515719C6D3}.Debug|iPhone.ActiveCfg = Debug|Any CPU
		{2B478380-3127-413E-9B4F-0D515719C6D3}.Debug|iPhoneSimulator.ActiveCfg = Debug|Any CPU
		{2B478380-3127-413E-9B4F-0D515719C6D3}.Debug|Mixed Platforms.ActiveCfg = Debug|Any CPU
		{2B478380-3127-413E-9B4F-0D515719C6D3}.Debug|Mixed Platforms.Build.0 = Debug|Any CPU
		{2B478380-3127-413E-9B4F-0D515719C6D3}.Debug|x86.ActiveCfg = Debug|Any CPU
		{2B478380-3127-413E-9B4F-0D515719C6D3}.Release|Any CPU.ActiveCfg = Release|Any CPU
		{2B478380-3127-413E-9B4F-0D515719C6D3}.Release|Any CPU.Build.0 = Release|Any CPU
		{2B478380-3127-413E-9B4F-0D515719C6D3}.Release|ARM.ActiveCfg = Release|Any CPU
		{2B478380-3127-413E-9B4F-0D515719C6D3}.Release|iPhone.ActiveCfg = Release|Any CPU
		{2B478380-3127-413E-9B4F-0D515719C6D3}.Release|iPhoneSimulator.ActiveCfg = Release|Any CPU
		{2B478380-3127-413E-9B4F-0D515719C6D3}.Release|Mixed Platforms.ActiveCfg = Release|Any CPU
		{2B478380-3127-413E-9B4F-0D515719C6D3}.Release|Mixed Platforms.Build.0 = Release|Any CPU
		{2B478380-3127-413E-9B4F-0D515719C6D3}.Release|x86.ActiveCfg = Release|Any CPU
		{056CB496-E1BA-4317-AC1C-37BF0D200250}.Debug|Any CPU.ActiveCfg = Debug|Any CPU
		{056CB496-E1BA-4317-AC1C-37BF0D200250}.Debug|Any CPU.Build.0 = Debug|Any CPU
		{056CB496-E1BA-4317-AC1C-37BF0D200250}.Debug|ARM.ActiveCfg = Debug|Any CPU
		{056CB496-E1BA-4317-AC1C-37BF0D200250}.Debug|iPhone.ActiveCfg = Debug|Any CPU
		{056CB496-E1BA-4317-AC1C-37BF0D200250}.Debug|iPhoneSimulator.ActiveCfg = Debug|Any CPU
		{056CB496-E1BA-4317-AC1C-37BF0D200250}.Debug|Mixed Platforms.ActiveCfg = Debug|Any CPU
		{056CB496-E1BA-4317-AC1C-37BF0D200250}.Debug|Mixed Platforms.Build.0 = Debug|Any CPU
		{056CB496-E1BA-4317-AC1C-37BF0D200250}.Debug|x86.ActiveCfg = Debug|Any CPU
		{056CB496-E1BA-4317-AC1C-37BF0D200250}.Release|Any CPU.ActiveCfg = Release|Any CPU
		{056CB496-E1BA-4317-AC1C-37BF0D200250}.Release|Any CPU.Build.0 = Release|Any CPU
		{056CB496-E1BA-4317-AC1C-37BF0D200250}.Release|ARM.ActiveCfg = Release|Any CPU
		{056CB496-E1BA-4317-AC1C-37BF0D200250}.Release|iPhone.ActiveCfg = Release|Any CPU
		{056CB496-E1BA-4317-AC1C-37BF0D200250}.Release|iPhoneSimulator.ActiveCfg = Release|Any CPU
		{056CB496-E1BA-4317-AC1C-37BF0D200250}.Release|Mixed Platforms.ActiveCfg = Release|Any CPU
		{056CB496-E1BA-4317-AC1C-37BF0D200250}.Release|Mixed Platforms.Build.0 = Release|Any CPU
		{056CB496-E1BA-4317-AC1C-37BF0D200250}.Release|x86.ActiveCfg = Release|Any CPU
		{83667464-DB3F-4E15-8ED8-B0543202FCFF}.Debug|Any CPU.ActiveCfg = Debug|Any CPU
		{83667464-DB3F-4E15-8ED8-B0543202FCFF}.Debug|Any CPU.Build.0 = Debug|Any CPU
		{83667464-DB3F-4E15-8ED8-B0543202FCFF}.Debug|ARM.ActiveCfg = Debug|Any CPU
		{83667464-DB3F-4E15-8ED8-B0543202FCFF}.Debug|iPhone.ActiveCfg = Debug|Any CPU
		{83667464-DB3F-4E15-8ED8-B0543202FCFF}.Debug|iPhoneSimulator.ActiveCfg = Debug|Any CPU
		{83667464-DB3F-4E15-8ED8-B0543202FCFF}.Debug|Mixed Platforms.ActiveCfg = Debug|Any CPU
		{83667464-DB3F-4E15-8ED8-B0543202FCFF}.Debug|Mixed Platforms.Build.0 = Debug|Any CPU
		{83667464-DB3F-4E15-8ED8-B0543202FCFF}.Debug|x86.ActiveCfg = Debug|Any CPU
		{83667464-DB3F-4E15-8ED8-B0543202FCFF}.Release|Any CPU.ActiveCfg = Release|Any CPU
		{83667464-DB3F-4E15-8ED8-B0543202FCFF}.Release|Any CPU.Build.0 = Release|Any CPU
		{83667464-DB3F-4E15-8ED8-B0543202FCFF}.Release|ARM.ActiveCfg = Release|Any CPU
		{83667464-DB3F-4E15-8ED8-B0543202FCFF}.Release|iPhone.ActiveCfg = Release|Any CPU
		{83667464-DB3F-4E15-8ED8-B0543202FCFF}.Release|iPhoneSimulator.ActiveCfg = Release|Any CPU
		{83667464-DB3F-4E15-8ED8-B0543202FCFF}.Release|Mixed Platforms.ActiveCfg = Release|Any CPU
		{83667464-DB3F-4E15-8ED8-B0543202FCFF}.Release|Mixed Platforms.Build.0 = Release|Any CPU
		{83667464-DB3F-4E15-8ED8-B0543202FCFF}.Release|x86.ActiveCfg = Release|Any CPU
		{50E22CB8-1067-4155-B65B-329A2F2FEC7F}.Debug|Any CPU.ActiveCfg = Debug|Any CPU
		{50E22CB8-1067-4155-B65B-329A2F2FEC7F}.Debug|Any CPU.Build.0 = Debug|Any CPU
		{50E22CB8-1067-4155-B65B-329A2F2FEC7F}.Debug|ARM.ActiveCfg = Debug|Any CPU
		{50E22CB8-1067-4155-B65B-329A2F2FEC7F}.Debug|ARM.Build.0 = Debug|Any CPU
		{50E22CB8-1067-4155-B65B-329A2F2FEC7F}.Debug|iPhone.ActiveCfg = Debug|Any CPU
		{50E22CB8-1067-4155-B65B-329A2F2FEC7F}.Debug|iPhone.Build.0 = Debug|Any CPU
		{50E22CB8-1067-4155-B65B-329A2F2FEC7F}.Debug|iPhoneSimulator.ActiveCfg = Debug|Any CPU
		{50E22CB8-1067-4155-B65B-329A2F2FEC7F}.Debug|iPhoneSimulator.Build.0 = Debug|Any CPU
		{50E22CB8-1067-4155-B65B-329A2F2FEC7F}.Debug|Mixed Platforms.ActiveCfg = Debug|Any CPU
		{50E22CB8-1067-4155-B65B-329A2F2FEC7F}.Debug|Mixed Platforms.Build.0 = Debug|Any CPU
		{50E22CB8-1067-4155-B65B-329A2F2FEC7F}.Debug|x86.ActiveCfg = Debug|Any CPU
		{50E22CB8-1067-4155-B65B-329A2F2FEC7F}.Debug|x86.Build.0 = Debug|Any CPU
		{50E22CB8-1067-4155-B65B-329A2F2FEC7F}.Release|Any CPU.ActiveCfg = Release|Any CPU
		{50E22CB8-1067-4155-B65B-329A2F2FEC7F}.Release|Any CPU.Build.0 = Release|Any CPU
		{50E22CB8-1067-4155-B65B-329A2F2FEC7F}.Release|ARM.ActiveCfg = Release|Any CPU
		{50E22CB8-1067-4155-B65B-329A2F2FEC7F}.Release|ARM.Build.0 = Release|Any CPU
		{50E22CB8-1067-4155-B65B-329A2F2FEC7F}.Release|iPhone.ActiveCfg = Release|Any CPU
		{50E22CB8-1067-4155-B65B-329A2F2FEC7F}.Release|iPhone.Build.0 = Release|Any CPU
		{50E22CB8-1067-4155-B65B-329A2F2FEC7F}.Release|iPhoneSimulator.ActiveCfg = Release|Any CPU
		{50E22CB8-1067-4155-B65B-329A2F2FEC7F}.Release|iPhoneSimulator.Build.0 = Release|Any CPU
		{50E22CB8-1067-4155-B65B-329A2F2FEC7F}.Release|Mixed Platforms.ActiveCfg = Release|Any CPU
		{50E22CB8-1067-4155-B65B-329A2F2FEC7F}.Release|Mixed Platforms.Build.0 = Release|Any CPU
		{50E22CB8-1067-4155-B65B-329A2F2FEC7F}.Release|x86.ActiveCfg = Release|Any CPU
		{50E22CB8-1067-4155-B65B-329A2F2FEC7F}.Release|x86.Build.0 = Release|Any CPU
	EndGlobalSection
	GlobalSection(SolutionProperties) = preSolution
		HideSolutionNode = FALSE
	EndGlobalSection
	GlobalSection(NestedProjects) = preSolution
		{22EBAF2B-4D1A-4766-9B69-6802EEA9BF27} = {53C513E0-C838-47DC-B828-586B8E7ED740}
		{983FC5E7-4720-4A0D-912F-423C26FFDC61} = {53C513E0-C838-47DC-B828-586B8E7ED740}
		{AF8A1445-BABA-4BB6-A6DB-0DC14E8DADE3} = {53C513E0-C838-47DC-B828-586B8E7ED740}
		{96EF2204-DB3D-4070-8561-E669FA14ECB7} = {53C513E0-C838-47DC-B828-586B8E7ED740}
		{2B478380-3127-413E-9B4F-0D515719C6D3} = {53C513E0-C838-47DC-B828-586B8E7ED740}
		{056CB496-E1BA-4317-AC1C-37BF0D200250} = {53C513E0-C838-47DC-B828-586B8E7ED740}
		{83667464-DB3F-4E15-8ED8-B0543202FCFF} = {53C513E0-C838-47DC-B828-586B8E7ED740}
		{50E22CB8-1067-4155-B65B-329A2F2FEC7F} = {53C513E0-C838-47DC-B828-586B8E7ED740}
	EndGlobalSection
EndGlobal
